Microsoft Visual Studio Solution File, Format Version 12.00
# Visual Studio Version 17
VisualStudioVersion = 17.5.2.0
MinimumVisualStudioVersion = 10.0.40219.1
Project("{FAE04EC0-301F-11D3-BF4B-00C04F79EFBC}") = "barbearia.api.tests", "barbearia.api.tests.csproj", "{0164E1C0-6070-AD2B-FA57-ECC18DED49C9}"
EndProject
Global
	GlobalSection(SolutionConfigurationPlatforms) = preSolution
		Debug|Any CPU = Debug|Any CPU
		Release|Any CPU = Release|Any CPU
	EndGlobalSection
	GlobalSection(ProjectConfigurationPlatforms) = postSolution
		{0164E1C0-6070-AD2B-FA57-ECC18DED49C9}.Debug|Any CPU.ActiveCfg = Debug|Any CPU
		{0164E1C0-6070-AD2B-FA57-ECC18DED49C9}.Debug|Any CPU.Build.0 = Debug|Any CPU
		{0164E1C0-6070-AD2B-FA57-ECC18DED49C9}.Release|Any CPU.ActiveCfg = Release|Any CPU
		{0164E1C0-6070-AD2B-FA57-ECC18DED49C9}.Release|Any CPU.Build.0 = Release|Any CPU
	EndGlobalSection
	GlobalSection(SolutionProperties) = preSolution
		HideSolutionNode = FALSE
	EndGlobalSection
	GlobalSection(ExtensibilityGlobals) = postSolution
		SolutionGuid = {4776C38E-11E3-4CE5-AA26-D121DF63B5BA}
	EndGlobalSection
EndGlobal
